
Microsoft Visual Studio Solution File, Format Version 12.00
# Visual Studio 2012
Project("{FAE04EC0-301F-11D3-BF4B-00C04F79EFBC}") = "MAT.Core", "MAT.Core\MAT.Core.csproj", "{B60FF3CC-0F5D-43A5-A4E7-DB31DDEB2037}"
EndProject
Project("{FAE04EC0-301F-11D3-BF4B-00C04F79EFBC}") = "MAT.Web", "MAT.Web\MAT.Web.csproj", "{DDD19C28-59BB-4F34-9406-C4C74CD2D8AA}"
EndProject
Project("{2150E333-8FDC-42A3-9474-1A3956D46DE8}") = ".nuget", ".nuget", "{6B6737DD-2277-4077-A5FF-4D31D1E82F64}"
	ProjectSection(SolutionItems) = preProject
		.nuget\NuGet.Config = .nuget\NuGet.Config
		.nuget\nuget.exe = .nuget\nuget.exe
		.nuget\NuGet.targets = .nuget\NuGet.targets
	EndProjectSection
EndProject
Global
	GlobalSection(SolutionConfigurationPlatforms) = preSolution
		Debug|Any CPU = Debug|Any CPU
		Release|Any CPU = Release|Any CPU
		Staging|Any CPU = Staging|Any CPU
	EndGlobalSection
	GlobalSection(ProjectConfigurationPlatforms) = postSolution
		{B60FF3CC-0F5D-43A5-A4E7-DB31DDEB2037}.Debug|Any CPU.ActiveCfg = Debug|Any CPU
		{B60FF3CC-0F5D-43A5-A4E7-DB31DDEB2037}.Debug|Any CPU.Build.0 = Debug|Any CPU
		{B60FF3CC-0F5D-43A5-A4E7-DB31DDEB2037}.Release|Any CPU.ActiveCfg = Release|Any CPU
		{B60FF3CC-0F5D-43A5-A4E7-DB31DDEB2037}.Release|Any CPU.Build.0 = Release|Any CPU
		{B60FF3CC-0F5D-43A5-A4E7-DB31DDEB2037}.Staging|Any CPU.ActiveCfg = Staging|Any CPU
		{B60FF3CC-0F5D-43A5-A4E7-DB31DDEB2037}.Staging|Any CPU.Build.0 = Staging|Any CPU
		{DDD19C28-59BB-4F34-9406-C4C74CD2D8AA}.Debug|Any CPU.ActiveCfg = Debug|Any CPU
		{DDD19C28-59BB-4F34-9406-C4C74CD2D8AA}.Debug|Any CPU.Build.0 = Debug|Any CPU
		{DDD19C28-59BB-4F34-9406-C4C74CD2D8AA}.Release|Any CPU.ActiveCfg = Release|Any CPU
		{DDD19C28-59BB-4F34-9406-C4C74CD2D8AA}.Release|Any CPU.Build.0 = Release|Any CPU
		{DDD19C28-59BB-4F34-9406-C4C74CD2D8AA}.Staging|Any CPU.ActiveCfg = Staging|Any CPU
		{DDD19C28-59BB-4F34-9406-C4C74CD2D8AA}.Staging|Any CPU.Build.0 = Staging|Any CPU
	EndGlobalSection
	GlobalSection(SolutionProperties) = preSolution
		HideSolutionNode = FALSE
	EndGlobalSection
EndGlobal
